
Microsoft Visual Studio Solution File, Format Version 12.00
# Visual Studio Version 17
VisualStudioVersion = 17.9.34728.123
MinimumVisualStudioVersion = 10.0.40219.1
Project("{9A19103F-16F7-4668-BE54-9A1E7A4F7556}") = "DataAccess", "DataAccess\DataAccess.csproj", "{8ECF6584-09CD-466C-8B67-7737DEB813B2}"
EndProject
Project("{9A19103F-16F7-4668-BE54-9A1E7A4F7556}") = "QuizWebApplication", "QuizWebApplication\QuizWebApplication.csproj", "{2FBD6E33-C473-49CA-821C-44AB88DE37EE}"
EndProject
Project("{FAE04EC0-301F-11D3-BF4B-00C04F79EFBC}") = "Services", "Services\Services.csproj", "{29F0FBBF-96F2-4BBC-9BB0-B7CFF5071E62}"
EndProject
Global
	GlobalSection(SolutionConfigurationPlatforms) = preSolution
		Debug|Any CPU = Debug|Any CPU
		Release|Any CPU = Release|Any CPU
	EndGlobalSection
	GlobalSection(ProjectConfigurationPlatforms) = postSolution
		{8ECF6584-09CD-466C-8B67-7737DEB813B2}.Debug|Any CPU.ActiveCfg = Debug|Any CPU
		{8ECF6584-09CD-466C-8B67-7737DEB813B2}.Debug|Any CPU.Build.0 = Debug|Any CPU
		{8ECF6584-09CD-466C-8B67-7737DEB813B2}.Release|Any CPU.ActiveCfg = Release|Any CPU
		{8ECF6584-09CD-466C-8B67-7737DEB813B2}.Release|Any CPU.Build.0 = Release|Any CPU
		{2FBD6E33-C473-49CA-821C-44AB88DE37EE}.Debug|Any CPU.ActiveCfg = Debug|Any CPU
		{2FBD6E33-C473-49CA-821C-44AB88DE37EE}.Debug|Any CPU.Build.0 = Debug|Any CPU
		{2FBD6E33-C473-49CA-821C-44AB88DE37EE}.Release|Any CPU.ActiveCfg = Release|Any CPU
		{2FBD6E33-C473-49CA-821C-44AB88DE37EE}.Release|Any CPU.Build.0 = Release|Any CPU
		{29F0FBBF-96F2-4BBC-9BB0-B7CFF5071E62}.Debug|Any CPU.ActiveCfg = Debug|Any CPU
		{29F0FBBF-96F2-4BBC-9BB0-B7CFF5071E62}.Debug|Any CPU.Build.0 = Debug|Any CPU
		{29F0FBBF-96F2-4BBC-9BB0-B7CFF5071E62}.Release|Any CPU.ActiveCfg = Release|Any CPU
		{29F0FBBF-96F2-4BBC-9BB0-B7CFF5071E62}.Release|Any CPU.Build.0 = Release|Any CPU
	EndGlobalSection
	GlobalSection(SolutionProperties) = preSolution
		HideSolutionNode = FALSE
	EndGlobalSection
	GlobalSection(ExtensibilityGlobals) = postSolution
		SolutionGuid = {BB457C05-F46E-45CE-9ED8-623F71BE910B}
	EndGlobalSection
EndGlobal
